<?xml version="1.0" encoding="utf-8"?>
<Project ToolsVersion="4.0" xmlns="http://schemas.microsoft.com/developer/msbuild/2003">
  <ItemGroup>
    <ClCompile Include="src\main.cpp">
      <Filter>src</Filter>
    </ClCompile>
    <ClCompile Include="src\ledMapperApp.cpp">
      <Filter>src</Filter>
    </ClCompile>
    <ClCompile Include="src\main.cpp">
      <Filter>src</Filter>
    </ClCompile>
    <ClCompile Include="src\Player.cpp">
      <Filter>src</Filter>
    </ClCompile>
    <ClCompile Include="..\..\..\addons\ofxDatGui\src\core\ofxDatGuiComponent.cpp">
      <Filter>addons\ofxDatGui\src\core</Filter>
    </ClCompile>
    <ClCompile Include="..\..\..\addons\ofxDatGui\src\libs\ofxSmartFont\src\ofxSmartFont.cpp">
      <Filter>addons\ofxDatGui\src\libs\ofxSmartFont\src</Filter>
    </ClCompile>
    <ClCompile Include="..\..\..\addons\ofxDatGui\src\ofxDatGui.cpp">
      <Filter>addons\ofxDatGui\src</Filter>
    </ClCompile>
    <ClCompile Include="..\..\..\addons\ofxLedMapper\src\ofxLedController.cpp">
      <Filter>addons\ofxLedMapper\src</Filter>
    </ClCompile>
    <ClCompile Include="..\..\..\addons\ofxLedMapper\src\ofxLedMapper.cpp">
      <Filter>addons\ofxLedMapper\src</Filter>
    </ClCompile>
    <ClCompile Include="..\..\..\addons\ofxNetwork\src\ofxNetworkUtils.cpp">
      <Filter>addons\ofxNetwork\src</Filter>
    </ClCompile>
    <ClCompile Include="..\..\..\addons\ofxNetwork\src\ofxTCPClient.cpp">
      <Filter>addons\ofxNetwork\src</Filter>
    </ClCompile>
    <ClCompile Include="..\..\..\addons\ofxNetwork\src\ofxTCPManager.cpp">
      <Filter>addons\ofxNetwork\src</Filter>
    </ClCompile>
    <ClCompile Include="..\..\..\addons\ofxNetwork\src\ofxTCPServer.cpp">
      <Filter>addons\ofxNetwork\src</Filter>
    </ClCompile>
    <ClCompile Include="..\..\..\addons\ofxNetwork\src\ofxUDPManager.cpp">
      <Filter>addons\ofxNetwork\src</Filter>
    </ClCompile>
    <ClCompile Include="..\..\..\addons\ofxSpout2\src\ofxSpout2Receiver.cpp">
      <Filter>addons\ofxSpout2\src</Filter>
    </ClCompile>
    <ClCompile Include="..\..\..\addons\ofxSpout2\src\ofxSpout2Sender.cpp">
      <Filter>addons\ofxSpout2\src</Filter>
    </ClCompile>
    <ClCompile Include="..\..\..\addons\ofxSpout2\libs\src\SpoutDirectX.cpp">
      <Filter>addons\ofxSpout2\libs\src</Filter>
    </ClCompile>
    <ClCompile Include="..\..\..\addons\ofxSpout2\libs\src\SpoutGLDXinterop.cpp">
      <Filter>addons\ofxSpout2\libs\src</Filter>
    </ClCompile>
    <ClCompile Include="..\..\..\addons\ofxSpout2\libs\src\SpoutGLextensions.cpp">
      <Filter>addons\ofxSpout2\libs\src</Filter>
    </ClCompile>
    <ClCompile Include="..\..\..\addons\ofxSpout2\libs\src\SpoutMemoryShare.cpp">
      <Filter>addons\ofxSpout2\libs\src</Filter>
    </ClCompile>
    <ClCompile Include="..\..\..\addons\ofxSpout2\libs\src\SpoutReceiver.cpp">
      <Filter>addons\ofxSpout2\libs\src</Filter>
    </ClCompile>
    <ClCompile Include="..\..\..\addons\ofxSpout2\libs\src\SpoutSDK.cpp">
      <Filter>addons\ofxSpout2\libs\src</Filter>
    </ClCompile>
    <ClCompile Include="..\..\..\addons\ofxSpout2\libs\src\SpoutSender.cpp">
      <Filter>addons\ofxSpout2\libs\src</Filter>
    </ClCompile>
    <ClCompile Include="..\..\..\addons\ofxSpout2\libs\src\SpoutSenderNames.cpp">
      <Filter>addons\ofxSpout2\libs\src</Filter>
    </ClCompile>
    <ClCompile Include="..\..\..\addons\ofxSpout2\libs\src\SpoutSharedMemory.cpp">
      <Filter>addons\ofxSpout2\libs\src</Filter>
    </ClCompile>
    <ClCompile Include="..\..\..\addons\ofxXmlSettings\src\ofxXmlSettings.cpp">
      <Filter>addons\ofxXmlSettings\src</Filter>
    </ClCompile>
    <ClCompile Include="..\..\..\addons\ofxXmlSettings\libs\tinyxml.cpp">
      <Filter>addons\ofxXmlSettings\libs</Filter>
    </ClCompile>
    <ClCompile Include="..\..\..\addons\ofxXmlSettings\libs\tinyxmlerror.cpp">
      <Filter>addons\ofxXmlSettings\libs</Filter>
    </ClCompile>
    <ClCompile Include="..\..\..\addons\ofxXmlSettings\libs\tinyxmlparser.cpp">
      <Filter>addons\ofxXmlSettings\libs</Filter>
    </ClCompile>
  </ItemGroup>
  <ItemGroup>
    <Filter Include="src">
      <UniqueIdentifier>{d8376475-7454-4a24-b08a-aac121d3ad6f}</UniqueIdentifier>
    </Filter>
    <Filter Include="addons">
      <UniqueIdentifier>{71834F65-F3A9-211E-73B8-DC85}</UniqueIdentifier>
    </Filter>
    <Filter Include="addons\ofxDatGui">
      <UniqueIdentifier>{B36B06DF-1AA4-00D4-5A1B-6893}</UniqueIdentifier>
    </Filter>
    <Filter Include="addons\ofxDatGui\src">
      <UniqueIdentifier>{CAA2E9BA-611F-99B2-780A-B8BA}</UniqueIdentifier>
    </Filter>
    <Filter Include="addons\ofxDatGui\src\components">
      <UniqueIdentifier>{8EFE15E2-401E-A657-3818-AD66}</UniqueIdentifier>
    </Filter>
    <Filter Include="addons\ofxDatGui\src\core">
      <UniqueIdentifier>{6835CAB6-404A-D3AD-148B-CD60}</UniqueIdentifier>
    </Filter>
    <Filter Include="addons\ofxDatGui\src\libs">
      <UniqueIdentifier>{ABAEF2A2-DCDC-DB83-4614-EB2B}</UniqueIdentifier>
    </Filter>
    <Filter Include="addons\ofxDatGui\src\libs\ofxSmartFont">
      <UniqueIdentifier>{A694AB8C-4705-277A-3AC8-2B8E}</UniqueIdentifier>
    </Filter>
    <Filter Include="addons\ofxDatGui\src\libs\ofxSmartFont\src">
      <UniqueIdentifier>{11149A5A-9ACC-C40C-6630-21F5}</UniqueIdentifier>
    </Filter>
    <Filter Include="addons\ofxDatGui\src\themes">
      <UniqueIdentifier>{2646318C-49AB-44C5-70D8-23E6}</UniqueIdentifier>
    </Filter>
    <Filter Include="addons\ofxLedMapper">
      <UniqueIdentifier>{A96BFA17-5DD8-8C27-30D2-8E1A}</UniqueIdentifier>
    </Filter>
    <Filter Include="addons\ofxLedMapper\src">
      <UniqueIdentifier>{84117DA6-D35A-5A56-BA02-FB0C}</UniqueIdentifier>
    </Filter>
    <Filter Include="addons\ofxNetwork">
      <UniqueIdentifier>{01A15744-29A6-108D-08E9-83A7}</UniqueIdentifier>
    </Filter>
    <Filter Include="addons\ofxNetwork\src">
      <UniqueIdentifier>{3D1C10C7-8F35-E796-9C70-F5F3}</UniqueIdentifier>
    </Filter>
    <Filter Include="addons\ofxSpout2">
      <UniqueIdentifier>{DB49CB87-27C8-0C02-F602-86D7}</UniqueIdentifier>
    </Filter>
    <Filter Include="addons\ofxSpout2\src">
      <UniqueIdentifier>{917203BC-05C2-034C-1B38-B098}</UniqueIdentifier>
    </Filter>
    <Filter Include="addons\ofxSpout2\libs">
      <UniqueIdentifier>{68A64BA7-C89A-C657-EC7A-10D6}</UniqueIdentifier>
    </Filter>
    <Filter Include="addons\ofxSpout2\libs\include">
      <UniqueIdentifier>{76E15BF2-5348-07F8-F8E1-A911}</UniqueIdentifier>
    </Filter>
    <Filter Include="addons\ofxSpout2\libs\src">
      <UniqueIdentifier>{EED9D931-64B9-6EC6-5E54-A96C}</UniqueIdentifier>
    </Filter>
    <Filter Include="addons\ofxXmlSettings">
      <UniqueIdentifier>{877F005D-13E6-0592-1D97-F2E3}</UniqueIdentifier>
    </Filter>
    <Filter Include="addons\ofxXmlSettings\src">
      <UniqueIdentifier>{CCB2AC63-49D2-977C-CFE8-AEAD}</UniqueIdentifier>
    </Filter>
    <Filter Include="addons\ofxXmlSettings\libs">
      <UniqueIdentifier>{687714A8-1662-FA1C-261F-50F0}</UniqueIdentifier>
    </Filter>
  </ItemGroup>
  <ItemGroup>
    <ClInclude Include="src\ledMapperApp.h">
      <Filter>src</Filter>
    </ClInclude>
    <ClInclude Include="src\Player.h">
      <Filter>src</Filter>
    </ClInclude>
    <ClInclude Include="..\..\..\addons\ofxDatGui\src\components\ofxDatGui2dPad.h">
      <Filter>addons\ofxDatGui\src\components</Filter>
    </ClInclude>
    <ClInclude Include="..\..\..\addons\ofxDatGui\src\components\ofxDatGuiButton.h">
      <Filter>addons\ofxDatGui\src\components</Filter>
    </ClInclude>
    <ClInclude Include="..\..\..\addons\ofxDatGui\src\components\ofxDatGuiButtonImage.h">
      <Filter>addons\ofxDatGui\src\components</Filter>
    </ClInclude>
    <ClInclude Include="..\..\..\addons\ofxDatGui\src\components\ofxDatGuiColorPicker.h">
      <Filter>addons\ofxDatGui\src\components</Filter>
    </ClInclude>
    <ClInclude Include="..\..\..\addons\ofxDatGui\src\components\ofxDatGuiControls.h">
      <Filter>addons\ofxDatGui\src\components</Filter>
    </ClInclude>
    <ClInclude Include="..\..\..\addons\ofxDatGui\src\components\ofxDatGuiFRM.h">
      <Filter>addons\ofxDatGui\src\components</Filter>
    </ClInclude>
    <ClInclude Include="..\..\..\addons\ofxDatGui\src\components\ofxDatGuiGroups.h">
      <Filter>addons\ofxDatGui\src\components</Filter>
    </ClInclude>
    <ClInclude Include="..\..\..\addons\ofxDatGui\src\components\ofxDatGuiLabel.h">
      <Filter>addons\ofxDatGui\src\components</Filter>
    </ClInclude>
    <ClInclude Include="..\..\..\addons\ofxDatGui\src\components\ofxDatGuiMatrix.h">
      <Filter>addons\ofxDatGui\src\components</Filter>
    </ClInclude>
    <ClInclude Include="..\..\..\addons\ofxDatGui\src\components\ofxDatGuiScrollView.h">
      <Filter>addons\ofxDatGui\src\components</Filter>
    </ClInclude>
    <ClInclude Include="..\..\..\addons\ofxDatGui\src\components\ofxDatGuiSlider.h">
      <Filter>addons\ofxDatGui\src\components</Filter>
    </ClInclude>
    <ClInclude Include="..\..\..\addons\ofxDatGui\src\components\ofxDatGuiTextInput.h">
      <Filter>addons\ofxDatGui\src\components</Filter>
    </ClInclude>
    <ClInclude Include="..\..\..\addons\ofxDatGui\src\components\ofxDatGuiTextInputField.h">
      <Filter>addons\ofxDatGui\src\components</Filter>
    </ClInclude>
    <ClInclude Include="..\..\..\addons\ofxDatGui\src\components\ofxDatGuiTimeGraph.h">
      <Filter>addons\ofxDatGui\src\components</Filter>
    </ClInclude>
    <ClInclude Include="..\..\..\addons\ofxDatGui\src\core\ofxDatGuiComponent.h">
      <Filter>addons\ofxDatGui\src\core</Filter>
    </ClInclude>
    <ClInclude Include="..\..\..\addons\ofxDatGui\src\core\ofxDatGuiConstants.h">
      <Filter>addons\ofxDatGui\src\core</Filter>
    </ClInclude>
    <ClInclude Include="..\..\..\addons\ofxDatGui\src\core\ofxDatGuiEvents.h">
      <Filter>addons\ofxDatGui\src\core</Filter>
    </ClInclude>
    <ClInclude Include="..\..\..\addons\ofxDatGui\src\core\ofxDatGuiIntObject.h">
      <Filter>addons\ofxDatGui\src\core</Filter>
    </ClInclude>
    <ClInclude Include="..\..\..\addons\ofxDatGui\src\libs\ofxSmartFont\src\ofxSmartFont.h">
      <Filter>addons\ofxDatGui\src\libs\ofxSmartFont\src</Filter>
    </ClInclude>
    <ClInclude Include="..\..\..\addons\ofxDatGui\src\ofxDatGui.h">
      <Filter>addons\ofxDatGui\src</Filter>
    </ClInclude>
    <ClInclude Include="..\..\..\addons\ofxDatGui\src\themes\ofxDatGuiTheme.h">
      <Filter>addons\ofxDatGui\src\themes</Filter>
    </ClInclude>
    <ClInclude Include="..\..\..\addons\ofxDatGui\src\themes\ofxDatGuiThemes.h">
      <Filter>addons\ofxDatGui\src\themes</Filter>
    </ClInclude>
    <ClInclude Include="..\..\..\addons\ofxLedMapper\src\Common.h">
      <Filter>addons\ofxLedMapper\src</Filter>
    </ClInclude>
    <ClInclude Include="..\..\..\addons\ofxLedMapper\src\json.hpp">
      <Filter>addons\ofxLedMapper\src</Filter>
    </ClInclude>
    <ClInclude Include="..\..\..\addons\ofxLedMapper\src\ofJson.h">
      <Filter>addons\ofxLedMapper\src</Filter>
    </ClInclude>
    <ClInclude Include="..\..\..\addons\ofxLedMapper\src\ofxLedController.h">
      <Filter>addons\ofxLedMapper\src</Filter>
    </ClInclude>
    <ClInclude Include="..\..\..\addons\ofxLedMapper\src\ofxLedGrabObject.h">
      <Filter>addons\ofxLedMapper\src</Filter>
    </ClInclude>
    <ClInclude Include="..\..\..\addons\ofxLedMapper\src\ofxLedMapper.h">
      <Filter>addons\ofxLedMapper\src</Filter>
    </ClInclude>
    <ClInclude Include="..\..\..\addons\ofxNetwork\src\ofxNetwork.h">
      <Filter>addons\ofxNetwork\src</Filter>
    </ClInclude>
    <ClInclude Include="..\..\..\addons\ofxNetwork\src\ofxNetworkUtils.h">
      <Filter>addons\ofxNetwork\src</Filter>
    </ClInclude>
    <ClInclude Include="..\..\..\addons\ofxNetwork\src\ofxTCPClient.h">
      <Filter>addons\ofxNetwork\src</Filter>
    </ClInclude>
    <ClInclude Include="..\..\..\addons\ofxNetwork\src\ofxTCPManager.h">
      <Filter>addons\ofxNetwork\src</Filter>
    </ClInclude>
    <ClInclude Include="..\..\..\addons\ofxNetwork\src\ofxTCPServer.h">
      <Filter>addons\ofxNetwork\src</Filter>
    </ClInclude>
    <ClInclude Include="..\..\..\addons\ofxNetwork\src\ofxTCPSettings.h">
      <Filter>addons\ofxNetwork\src</Filter>
    </ClInclude>
    <ClInclude Include="..\..\..\addons\ofxNetwork\src\ofxUDPManager.h">
      <Filter>addons\ofxNetwork\src</Filter>
    </ClInclude>
    <ClInclude Include="..\..\..\addons\ofxNetwork\src\ofxUDPSettings.h">
      <Filter>addons\ofxNetwork\src</Filter>
    </ClInclude>
    <ClInclude Include="..\..\..\addons\ofxSpout2\src\ofxSpout2Receiver.h">
      <Filter>addons\ofxSpout2\src</Filter>
    </ClInclude>
    <ClInclude Include="..\..\..\addons\ofxSpout2\src\ofxSpout2Sender.h">
      <Filter>addons\ofxSpout2\src</Filter>
    </ClInclude>
    <ClInclude Include="..\..\..\addons\ofxSpout2\libs\include\Spout.h">
      <Filter>addons\ofxSpout2\libs\include</Filter>
    </ClInclude>
    <ClInclude Include="..\..\..\addons\ofxSpout2\libs\include\SpoutCommon.h">
      <Filter>addons\ofxSpout2\libs\include</Filter>
    </ClInclude>
    <ClInclude Include="..\..\..\addons\ofxSpout2\libs\include\SpoutDirectX.h">
      <Filter>addons\ofxSpout2\libs\include</Filter>
    </ClInclude>
    <ClInclude Include="..\..\..\addons\ofxSpout2\libs\include\SpoutGLDXinterop.h">
      <Filter>addons\ofxSpout2\libs\include</Filter>
    </ClInclude>
    <ClInclude Include="..\..\..\addons\ofxSpout2\libs\include\SpoutGLextensions.h">
      <Filter>addons\ofxSpout2\libs\include</Filter>
    </ClInclude>
    <ClInclude Include="..\..\..\addons\ofxSpout2\libs\include\SpoutMemoryShare.h">
      <Filter>addons\ofxSpout2\libs\include</Filter>
    </ClInclude>
    <ClInclude Include="..\..\..\addons\ofxSpout2\libs\include\SpoutReceiver.h">
      <Filter>addons\ofxSpout2\libs\include</Filter>
    </ClInclude>
    <ClInclude Include="..\..\..\addons\ofxSpout2\libs\include\SpoutSDK.h">
      <Filter>addons\ofxSpout2\libs\include</Filter>
    </ClInclude>
    <ClInclude Include="..\..\..\addons\ofxSpout2\libs\include\SpoutSender.h">
      <Filter>addons\ofxSpout2\libs\include</Filter>
    </ClInclude>
    <ClInclude Include="..\..\..\addons\ofxSpout2\libs\include\SpoutSenderNames.h">
      <Filter>addons\ofxSpout2\libs\include</Filter>
    </ClInclude>
    <ClInclude Include="..\..\..\addons\ofxSpout2\libs\include\SpoutSharedMemory.h">
      <Filter>addons\ofxSpout2\libs\include</Filter>
    </ClInclude>
    <ClInclude Include="..\..\..\addons\ofxXmlSettings\src\ofxXmlSettings.h">
      <Filter>addons\ofxXmlSettings\src</Filter>
    </ClInclude>
    <ClInclude Include="..\..\..\addons\ofxXmlSettings\libs\tinyxml.h">
      <Filter>addons\ofxXmlSettings\libs</Filter>
    </ClInclude>
  </ItemGroup>
  <ItemGroup>
    <ResourceCompile Include="icon.rc" />
  </ItemGroup>
</Project>