// !$*UTF8*$!
{
	archiveVersion = 1;
	classes = {
	};
	objectVersion = 46;
	objects = {

/* Begin PBXBuildFile section */
		3A18C9CB20E5944C00EA600B /* ofxSyphonClient.mm in Sources */ = {isa = PBXBuildFile; fileRef = 3A18C9BC20E5944C00EA600B /* ofxSyphonClient.mm */; };
		3A18C9CC20E5944C00EA600B /* ofxSyphonServer.mm in Sources */ = {isa = PBXBuildFile; fileRef = 3A18C9BE20E5944C00EA600B /* ofxSyphonServer.mm */; };
		3A18C9CD20E5944C00EA600B /* ofxSyphonServerDirectory.mm in Sources */ = {isa = PBXBuildFile; fileRef = 3A18C9C020E5944C00EA600B /* ofxSyphonServerDirectory.mm */; };
		3A18C9CF20E5944C00EA600B /* Syphon.framework in CopyFiles */ = {isa = PBXBuildFile; fileRef = 3A18C9C520E5944C00EA600B /* Syphon.framework */; settings = {ATTRIBUTES = (CodeSignOnCopy, RemoveHeadersOnCopy, ); }; };
		3A18C9D020E5944C00EA600B /* SyphonNameboundClient.m in Sources */ = {isa = PBXBuildFile; fileRef = 3A18C9C820E5944C00EA600B /* SyphonNameboundClient.m */; };
		3A18C9D220E594BD00EA600B /* Syphon.framework in Frameworks */ = {isa = PBXBuildFile; fileRef = 3A18C9D120E594BC00EA600B /* Syphon.framework */; };
		3A245D441FEEAF1A00B6DB4E /* ofxDatGuiComponent.cpp in Sources */ = {isa = PBXBuildFile; fileRef = 3A245D361FEEAF1A00B6DB4E /* ofxDatGuiComponent.cpp */; };
		3A245D451FEEAF1A00B6DB4E /* ofxSmartFont.cpp in Sources */ = {isa = PBXBuildFile; fileRef = 3A245D3D1FEEAF1A00B6DB4E /* ofxSmartFont.cpp */; };
		3A245D461FEEAF1A00B6DB4E /* ofxDatGui.cpp in Sources */ = {isa = PBXBuildFile; fileRef = 3A245D3F1FEEAF1A00B6DB4E /* ofxDatGui.cpp */; };
		3A245D511FEEAF2000B6DB4E /* ofxLedController.cpp in Sources */ = {isa = PBXBuildFile; fileRef = 3A245D4C1FEEAF2000B6DB4E /* ofxLedController.cpp */; };
		3A245D521FEEAF2000B6DB4E /* ofxLedMapper.cpp in Sources */ = {isa = PBXBuildFile; fileRef = 3A245D4F1FEEAF2000B6DB4E /* ofxLedMapper.cpp */; };
		3A245D5F1FEEAF2300B6DB4E /* ofxTCPClient.cpp in Sources */ = {isa = PBXBuildFile; fileRef = 3A245D571FEEAF2300B6DB4E /* ofxTCPClient.cpp */; };
		3A245D601FEEAF2300B6DB4E /* ofxTCPManager.cpp in Sources */ = {isa = PBXBuildFile; fileRef = 3A245D591FEEAF2300B6DB4E /* ofxTCPManager.cpp */; };
		3A245D611FEEAF2300B6DB4E /* ofxTCPServer.cpp in Sources */ = {isa = PBXBuildFile; fileRef = 3A245D5B1FEEAF2300B6DB4E /* ofxTCPServer.cpp */; };
		3A245D621FEEAF2300B6DB4E /* ofxUDPManager.cpp in Sources */ = {isa = PBXBuildFile; fileRef = 3A245D5D1FEEAF2300B6DB4E /* ofxUDPManager.cpp */; };
		3A245D6C1FEEAF2700B6DB4E /* ofxXmlSettings.cpp in Sources */ = {isa = PBXBuildFile; fileRef = 3A245D651FEEAF2700B6DB4E /* ofxXmlSettings.cpp */; };
		3A245D6D1FEEAF2700B6DB4E /* tinyxml.cpp in Sources */ = {isa = PBXBuildFile; fileRef = 3A245D681FEEAF2700B6DB4E /* tinyxml.cpp */; };
		3A245D6E1FEEAF2700B6DB4E /* tinyxmlerror.cpp in Sources */ = {isa = PBXBuildFile; fileRef = 3A245D6A1FEEAF2700B6DB4E /* tinyxmlerror.cpp */; };
		3A245D6F1FEEAF2700B6DB4E /* tinyxmlparser.cpp in Sources */ = {isa = PBXBuildFile; fileRef = 3A245D6B1FEEAF2700B6DB4E /* tinyxmlparser.cpp */; };
		3A3F228D20FBCC8F00164B5D /* Player.cpp in Sources */ = {isa = PBXBuildFile; fileRef = 3A3F228B20FBCC8F00164B5D /* Player.cpp */; };
		E4328149138ABC9F0047C5CB /* openFrameworksDebug.a in Frameworks */ = {isa = PBXBuildFile; fileRef = E4328148138ABC890047C5CB /* openFrameworksDebug.a */; };
		E4B69E200A3A1BDC003C02F2 /* main.cpp in Sources */ = {isa = PBXBuildFile; fileRef = E4B69E1D0A3A1BDC003C02F2 /* main.cpp */; };
		E4B69E210A3A1BDC003C02F2 /* ofApp.cpp in Sources */ = {isa = PBXBuildFile; fileRef = E4B69E1E0A3A1BDC003C02F2 /* ofApp.cpp */; };
/* End PBXBuildFile section */

/* Begin PBXContainerItemProxy section */
		E4328147138ABC890047C5CB /* PBXContainerItemProxy */ = {
			isa = PBXContainerItemProxy;
			containerPortal = E4328143138ABC890047C5CB /* openFrameworksLib.xcodeproj */;
			proxyType = 2;
			remoteGlobalIDString = E4B27C1510CBEB8E00536013;
			remoteInfo = openFrameworks;
		};
		E4EEB9AB138B136A00A80321 /* PBXContainerItemProxy */ = {
			isa = PBXContainerItemProxy;
			containerPortal = E4328143138ABC890047C5CB /* openFrameworksLib.xcodeproj */;
			proxyType = 1;
			remoteGlobalIDString = E4B27C1410CBEB8E00536013;
			remoteInfo = openFrameworks;
		};
/* End PBXContainerItemProxy section */

/* Begin PBXCopyFilesBuildPhase section */
		E4C2427710CC5ABF004149E2 /* CopyFiles */ = {
			isa = PBXCopyFilesBuildPhase;
			buildActionMask = 2147483647;
			dstPath = "";
			dstSubfolderSpec = 10;
			files = (
				3A18C9CF20E5944C00EA600B /* Syphon.framework in CopyFiles */,
			);
			runOnlyForDeploymentPostprocessing = 0;
		};
/* End PBXCopyFilesBuildPhase section */

/* Begin PBXFileReference section */
		3A18C9BA20E5944C00EA600B /* ofxSyphon.h */ = {isa = PBXFileReference; lastKnownFileType = sourcecode.c.h; path = ofxSyphon.h; sourceTree = "<group>"; };
		3A18C9BB20E5944C00EA600B /* ofxSyphonClient.h */ = {isa = PBXFileReference; lastKnownFileType = sourcecode.c.h; path = ofxSyphonClient.h; sourceTree = "<group>"; };
		3A18C9BC20E5944C00EA600B /* ofxSyphonClient.mm */ = {isa = PBXFileReference; lastKnownFileType = sourcecode.cpp.objcpp; path = ofxSyphonClient.mm; sourceTree = "<group>"; };
		3A18C9BD20E5944C00EA600B /* ofxSyphonServer.h */ = {isa = PBXFileReference; lastKnownFileType = sourcecode.c.h; path = ofxSyphonServer.h; sourceTree = "<group>"; };
		3A18C9BE20E5944C00EA600B /* ofxSyphonServer.mm */ = {isa = PBXFileReference; lastKnownFileType = sourcecode.cpp.objcpp; path = ofxSyphonServer.mm; sourceTree = "<group>"; };
		3A18C9BF20E5944C00EA600B /* ofxSyphonServerDirectory.h */ = {isa = PBXFileReference; lastKnownFileType = sourcecode.c.h; path = ofxSyphonServerDirectory.h; sourceTree = "<group>"; };
		3A18C9C020E5944C00EA600B /* ofxSyphonServerDirectory.mm */ = {isa = PBXFileReference; lastKnownFileType = sourcecode.cpp.objcpp; path = ofxSyphonServerDirectory.mm; sourceTree = "<group>"; };
		3A18C9C520E5944C00EA600B /* Syphon.framework */ = {isa = PBXFileReference; lastKnownFileType = wrapper.framework; path = Syphon.framework; sourceTree = "<group>"; };
		3A18C9C720E5944C00EA600B /* SyphonNameboundClient.h */ = {isa = PBXFileReference; lastKnownFileType = sourcecode.c.h; path = SyphonNameboundClient.h; sourceTree = "<group>"; };
		3A18C9C820E5944C00EA600B /* SyphonNameboundClient.m */ = {isa = PBXFileReference; lastKnownFileType = sourcecode.c.objc; path = SyphonNameboundClient.m; sourceTree = "<group>"; };
		3A18C9D120E594BC00EA600B /* Syphon.framework */ = {isa = PBXFileReference; lastKnownFileType = wrapper.framework; path = Syphon.framework; sourceTree = "<group>"; };
		3A245D271FEEAF1A00B6DB4E /* ofxDatGui2dPad.h */ = {isa = PBXFileReference; lastKnownFileType = sourcecode.c.h; path = ofxDatGui2dPad.h; sourceTree = "<group>"; };
		3A245D281FEEAF1A00B6DB4E /* ofxDatGuiButton.h */ = {isa = PBXFileReference; lastKnownFileType = sourcecode.c.h; path = ofxDatGuiButton.h; sourceTree = "<group>"; };
		3A245D291FEEAF1A00B6DB4E /* ofxDatGuiButtonImage.h */ = {isa = PBXFileReference; lastKnownFileType = sourcecode.c.h; path = ofxDatGuiButtonImage.h; sourceTree = "<group>"; };
		3A245D2A1FEEAF1A00B6DB4E /* ofxDatGuiColorPicker.h */ = {isa = PBXFileReference; lastKnownFileType = sourcecode.c.h; path = ofxDatGuiColorPicker.h; sourceTree = "<group>"; };
		3A245D2B1FEEAF1A00B6DB4E /* ofxDatGuiControls.h */ = {isa = PBXFileReference; lastKnownFileType = sourcecode.c.h; path = ofxDatGuiControls.h; sourceTree = "<group>"; };
		3A245D2C1FEEAF1A00B6DB4E /* ofxDatGuiFRM.h */ = {isa = PBXFileReference; lastKnownFileType = sourcecode.c.h; path = ofxDatGuiFRM.h; sourceTree = "<group>"; };
		3A245D2D1FEEAF1A00B6DB4E /* ofxDatGuiGroups.h */ = {isa = PBXFileReference; lastKnownFileType = sourcecode.c.h; path = ofxDatGuiGroups.h; sourceTree = "<group>"; };
		3A245D2E1FEEAF1A00B6DB4E /* ofxDatGuiLabel.h */ = {isa = PBXFileReference; lastKnownFileType = sourcecode.c.h; path = ofxDatGuiLabel.h; sourceTree = "<group>"; };
		3A245D2F1FEEAF1A00B6DB4E /* ofxDatGuiMatrix.h */ = {isa = PBXFileReference; lastKnownFileType = sourcecode.c.h; path = ofxDatGuiMatrix.h; sourceTree = "<group>"; };
		3A245D301FEEAF1A00B6DB4E /* ofxDatGuiScrollView.h */ = {isa = PBXFileReference; lastKnownFileType = sourcecode.c.h; path = ofxDatGuiScrollView.h; sourceTree = "<group>"; };
		3A245D311FEEAF1A00B6DB4E /* ofxDatGuiSlider.h */ = {isa = PBXFileReference; lastKnownFileType = sourcecode.c.h; path = ofxDatGuiSlider.h; sourceTree = "<group>"; };
		3A245D321FEEAF1A00B6DB4E /* ofxDatGuiTextInput.h */ = {isa = PBXFileReference; lastKnownFileType = sourcecode.c.h; path = ofxDatGuiTextInput.h; sourceTree = "<group>"; };
		3A245D331FEEAF1A00B6DB4E /* ofxDatGuiTextInputField.h */ = {isa = PBXFileReference; lastKnownFileType = sourcecode.c.h; path = ofxDatGuiTextInputField.h; sourceTree = "<group>"; };
		3A245D341FEEAF1A00B6DB4E /* ofxDatGuiTimeGraph.h */ = {isa = PBXFileReference; lastKnownFileType = sourcecode.c.h; path = ofxDatGuiTimeGraph.h; sourceTree = "<group>"; };
		3A245D361FEEAF1A00B6DB4E /* ofxDatGuiComponent.cpp */ = {isa = PBXFileReference; lastKnownFileType = sourcecode.cpp.cpp; path = ofxDatGuiComponent.cpp; sourceTree = "<group>"; };
		3A245D371FEEAF1A00B6DB4E /* ofxDatGuiComponent.h */ = {isa = PBXFileReference; lastKnownFileType = sourcecode.c.h; path = ofxDatGuiComponent.h; sourceTree = "<group>"; };
		3A245D381FEEAF1A00B6DB4E /* ofxDatGuiConstants.h */ = {isa = PBXFileReference; lastKnownFileType = sourcecode.c.h; path = ofxDatGuiConstants.h; sourceTree = "<group>"; };
		3A245D391FEEAF1A00B6DB4E /* ofxDatGuiEvents.h */ = {isa = PBXFileReference; lastKnownFileType = sourcecode.c.h; path = ofxDatGuiEvents.h; sourceTree = "<group>"; };
		3A245D3A1FEEAF1A00B6DB4E /* ofxDatGuiIntObject.h */ = {isa = PBXFileReference; lastKnownFileType = sourcecode.c.h; path = ofxDatGuiIntObject.h; sourceTree = "<group>"; };
		3A245D3D1FEEAF1A00B6DB4E /* ofxSmartFont.cpp */ = {isa = PBXFileReference; lastKnownFileType = sourcecode.cpp.cpp; path = ofxSmartFont.cpp; sourceTree = "<group>"; };
		3A245D3E1FEEAF1A00B6DB4E /* ofxSmartFont.h */ = {isa = PBXFileReference; lastKnownFileType = sourcecode.c.h; path = ofxSmartFont.h; sourceTree = "<group>"; };
		3A245D3F1FEEAF1A00B6DB4E /* ofxDatGui.cpp */ = {isa = PBXFileReference; lastKnownFileType = sourcecode.cpp.cpp; path = ofxDatGui.cpp; sourceTree = "<group>"; };
		3A245D401FEEAF1A00B6DB4E /* ofxDatGui.h */ = {isa = PBXFileReference; lastKnownFileType = sourcecode.c.h; path = ofxDatGui.h; sourceTree = "<group>"; };
		3A245D421FEEAF1A00B6DB4E /* ofxDatGuiTheme.h */ = {isa = PBXFileReference; lastKnownFileType = sourcecode.c.h; path = ofxDatGuiTheme.h; sourceTree = "<group>"; };
		3A245D431FEEAF1A00B6DB4E /* ofxDatGuiThemes.h */ = {isa = PBXFileReference; lastKnownFileType = sourcecode.c.h; path = ofxDatGuiThemes.h; sourceTree = "<group>"; };
		3A245D491FEEAF2000B6DB4E /* Common.h */ = {isa = PBXFileReference; lastKnownFileType = sourcecode.c.h; path = Common.h; sourceTree = "<group>"; };
		3A245D4A1FEEAF2000B6DB4E /* json.hpp */ = {isa = PBXFileReference; lastKnownFileType = sourcecode.cpp.h; path = json.hpp; sourceTree = "<group>"; };
		3A245D4B1FEEAF2000B6DB4E /* ofJson.h */ = {isa = PBXFileReference; lastKnownFileType = sourcecode.c.h; path = ofJson.h; sourceTree = "<group>"; };
		3A245D4C1FEEAF2000B6DB4E /* ofxLedController.cpp */ = {isa = PBXFileReference; lastKnownFileType = sourcecode.cpp.cpp; path = ofxLedController.cpp; sourceTree = "<group>"; };
		3A245D4D1FEEAF2000B6DB4E /* ofxLedController.h */ = {isa = PBXFileReference; lastKnownFileType = sourcecode.c.h; path = ofxLedController.h; sourceTree = "<group>"; };
		3A245D4E1FEEAF2000B6DB4E /* ofxLedGrabObject.h */ = {isa = PBXFileReference; lastKnownFileType = sourcecode.c.h; path = ofxLedGrabObject.h; sourceTree = "<group>"; };
		3A245D4F1FEEAF2000B6DB4E /* ofxLedMapper.cpp */ = {isa = PBXFileReference; lastKnownFileType = sourcecode.cpp.cpp; path = ofxLedMapper.cpp; sourceTree = "<group>"; };
		3A245D501FEEAF2000B6DB4E /* ofxLedMapper.h */ = {isa = PBXFileReference; lastKnownFileType = sourcecode.c.h; path = ofxLedMapper.h; sourceTree = "<group>"; };
		3A245D551FEEAF2300B6DB4E /* ofxNetwork.h */ = {isa = PBXFileReference; lastKnownFileType = sourcecode.c.h; path = ofxNetwork.h; sourceTree = "<group>"; };
		3A245D561FEEAF2300B6DB4E /* ofxNetworkUtils.h */ = {isa = PBXFileReference; lastKnownFileType = sourcecode.c.h; path = ofxNetworkUtils.h; sourceTree = "<group>"; };
		3A245D571FEEAF2300B6DB4E /* ofxTCPClient.cpp */ = {isa = PBXFileReference; lastKnownFileType = sourcecode.cpp.cpp; path = ofxTCPClient.cpp; sourceTree = "<group>"; };
		3A245D581FEEAF2300B6DB4E /* ofxTCPClient.h */ = {isa = PBXFileReference; lastKnownFileType = sourcecode.c.h; path = ofxTCPClient.h; sourceTree = "<group>"; };
		3A245D591FEEAF2300B6DB4E /* ofxTCPManager.cpp */ = {isa = PBXFileReference; lastKnownFileType = sourcecode.cpp.cpp; path = ofxTCPManager.cpp; sourceTree = "<group>"; };
		3A245D5A1FEEAF2300B6DB4E /* ofxTCPManager.h */ = {isa = PBXFileReference; lastKnownFileType = sourcecode.c.h; path = ofxTCPManager.h; sourceTree = "<group>"; };
		3A245D5B1FEEAF2300B6DB4E /* ofxTCPServer.cpp */ = {isa = PBXFileReference; lastKnownFileType = sourcecode.cpp.cpp; path = ofxTCPServer.cpp; sourceTree = "<group>"; };
		3A245D5C1FEEAF2300B6DB4E /* ofxTCPServer.h */ = {isa = PBXFileReference; lastKnownFileType = sourcecode.c.h; path = ofxTCPServer.h; sourceTree = "<group>"; };
		3A245D5D1FEEAF2300B6DB4E /* ofxUDPManager.cpp */ = {isa = PBXFileReference; lastKnownFileType = sourcecode.cpp.cpp; path = ofxUDPManager.cpp; sourceTree = "<group>"; };
		3A245D5E1FEEAF2300B6DB4E /* ofxUDPManager.h */ = {isa = PBXFileReference; lastKnownFileType = sourcecode.c.h; path = ofxUDPManager.h; sourceTree = "<group>"; };
		3A245D651FEEAF2700B6DB4E /* ofxXmlSettings.cpp */ = {isa = PBXFileReference; lastKnownFileType = sourcecode.cpp.cpp; path = ofxXmlSettings.cpp; sourceTree = "<group>"; };
		3A245D661FEEAF2700B6DB4E /* ofxXmlSettings.h */ = {isa = PBXFileReference; lastKnownFileType = sourcecode.c.h; path = ofxXmlSettings.h; sourceTree = "<group>"; };
		3A245D681FEEAF2700B6DB4E /* tinyxml.cpp */ = {isa = PBXFileReference; lastKnownFileType = sourcecode.cpp.cpp; path = tinyxml.cpp; sourceTree = "<group>"; };
		3A245D691FEEAF2700B6DB4E /* tinyxml.h */ = {isa = PBXFileReference; lastKnownFileType = sourcecode.c.h; path = tinyxml.h; sourceTree = "<group>"; };
		3A245D6A1FEEAF2700B6DB4E /* tinyxmlerror.cpp */ = {isa = PBXFileReference; lastKnownFileType = sourcecode.cpp.cpp; path = tinyxmlerror.cpp; sourceTree = "<group>"; };
		3A245D6B1FEEAF2700B6DB4E /* tinyxmlparser.cpp */ = {isa = PBXFileReference; lastKnownFileType = sourcecode.cpp.cpp; path = tinyxmlparser.cpp; sourceTree = "<group>"; };
		3A3F228B20FBCC8F00164B5D /* Player.cpp */ = {isa = PBXFileReference; fileEncoding = 4; lastKnownFileType = sourcecode.cpp.cpp; path = Player.cpp; sourceTree = "<group>"; };
		3A3F228C20FBCC8F00164B5D /* Player.h */ = {isa = PBXFileReference; fileEncoding = 4; lastKnownFileType = sourcecode.c.h; path = Player.h; sourceTree = "<group>"; };
		E4328143138ABC890047C5CB /* openFrameworksLib.xcodeproj */ = {isa = PBXFileReference; lastKnownFileType = "wrapper.pb-project"; name = openFrameworksLib.xcodeproj; path = ../../../libs/openFrameworksCompiled/project/osx/openFrameworksLib.xcodeproj; sourceTree = SOURCE_ROOT; };
		E4B69B5B0A3A1756003C02F2 /* LedMapperDebug.app */ = {isa = PBXFileReference; explicitFileType = wrapper.application; includeInIndex = 0; path = LedMapperDebug.app; sourceTree = BUILT_PRODUCTS_DIR; };
		E4B69E1D0A3A1BDC003C02F2 /* main.cpp */ = {isa = PBXFileReference; fileEncoding = 30; lastKnownFileType = sourcecode.cpp.cpp; name = main.cpp; path = src/main.cpp; sourceTree = SOURCE_ROOT; };
		E4B69E1E0A3A1BDC003C02F2 /* ofApp.cpp */ = {isa = PBXFileReference; explicitFileType = sourcecode.cpp.cpp; fileEncoding = 30; name = ofApp.cpp; path = src/ofApp.cpp; sourceTree = SOURCE_ROOT; };
		E4B69E1F0A3A1BDC003C02F2 /* ofApp.h */ = {isa = PBXFileReference; fileEncoding = 30; lastKnownFileType = sourcecode.c.h; name = ofApp.h; path = src/ofApp.h; sourceTree = SOURCE_ROOT; };
		E4B6FCAD0C3E899E008CF71C /* openFrameworks-Info.plist */ = {isa = PBXFileReference; fileEncoding = 30; lastKnownFileType = text.plist.xml; path = "openFrameworks-Info.plist"; sourceTree = "<group>"; };
		E4EB691F138AFCF100A09F29 /* CoreOF.xcconfig */ = {isa = PBXFileReference; fileEncoding = 4; lastKnownFileType = text.xcconfig; name = CoreOF.xcconfig; path = ../../../libs/openFrameworksCompiled/project/osx/CoreOF.xcconfig; sourceTree = SOURCE_ROOT; };
		E4EB6923138AFD0F00A09F29 /* Project.xcconfig */ = {isa = PBXFileReference; fileEncoding = 4; lastKnownFileType = text.xcconfig; path = Project.xcconfig; sourceTree = "<group>"; };
/* End PBXFileReference section */

/* Begin PBXFrameworksBuildPhase section */
		E4B69B590A3A1756003C02F2 /* Frameworks */ = {
			isa = PBXFrameworksBuildPhase;
			buildActionMask = 2147483647;
			files = (
				E4328149138ABC9F0047C5CB /* openFrameworksDebug.a in Frameworks */,
				3A18C9D220E594BD00EA600B /* Syphon.framework in Frameworks */,
			);
			runOnlyForDeploymentPostprocessing = 0;
		};
/* End PBXFrameworksBuildPhase section */

/* Begin PBXGroup section */
		3A18C9B820E5944C00EA600B /* ofxSyphon */ = {
			isa = PBXGroup;
			children = (
				3A18C9B920E5944C00EA600B /* src */,
				3A18C9C120E5944C00EA600B /* libs */,
			);
			name = ofxSyphon;
			sourceTree = "<group>";
		};
		3A18C9B920E5944C00EA600B /* src */ = {
			isa = PBXGroup;
			children = (
				3A18C9BA20E5944C00EA600B /* ofxSyphon.h */,
				3A18C9BB20E5944C00EA600B /* ofxSyphonClient.h */,
				3A18C9BC20E5944C00EA600B /* ofxSyphonClient.mm */,
				3A18C9BD20E5944C00EA600B /* ofxSyphonServer.h */,
				3A18C9BE20E5944C00EA600B /* ofxSyphonServer.mm */,
				3A18C9BF20E5944C00EA600B /* ofxSyphonServerDirectory.h */,
				3A18C9C020E5944C00EA600B /* ofxSyphonServerDirectory.mm */,
			);
			name = src;
			path = ../../../addons/ofxSyphon/src;
			sourceTree = "<group>";
		};
		3A18C9C120E5944C00EA600B /* libs */ = {
			isa = PBXGroup;
			children = (
				3A18C9C220E5944C00EA600B /* Syphon */,
			);
			name = libs;
			path = ../../../addons/ofxSyphon/libs;
			sourceTree = "<group>";
		};
		3A18C9C220E5944C00EA600B /* Syphon */ = {
			isa = PBXGroup;
			children = (
				3A18C9C320E5944C00EA600B /* lib */,
				3A18C9C620E5944C00EA600B /* src */,
			);
			path = Syphon;
			sourceTree = "<group>";
		};
		3A18C9C320E5944C00EA600B /* lib */ = {
			isa = PBXGroup;
			children = (
				3A18C9C420E5944C00EA600B /* osx */,
			);
			path = lib;
			sourceTree = "<group>";
		};
		3A18C9C420E5944C00EA600B /* osx */ = {
			isa = PBXGroup;
			children = (
				3A18C9C520E5944C00EA600B /* Syphon.framework */,
			);
			path = osx;
			sourceTree = "<group>";
		};
		3A18C9C620E5944C00EA600B /* src */ = {
			isa = PBXGroup;
			children = (
				3A18C9C720E5944C00EA600B /* SyphonNameboundClient.h */,
				3A18C9C820E5944C00EA600B /* SyphonNameboundClient.m */,
			);
			path = src;
			sourceTree = "<group>";
		};
		3A245D241FEEAF1A00B6DB4E /* ofxDatGui */ = {
			isa = PBXGroup;
			children = (
				3A245D251FEEAF1A00B6DB4E /* src */,
			);
			name = ofxDatGui;
			sourceTree = "<group>";
		};
		3A245D251FEEAF1A00B6DB4E /* src */ = {
			isa = PBXGroup;
			children = (
				3A245D261FEEAF1A00B6DB4E /* components */,
				3A245D351FEEAF1A00B6DB4E /* core */,
				3A245D3B1FEEAF1A00B6DB4E /* libs */,
				3A245D3F1FEEAF1A00B6DB4E /* ofxDatGui.cpp */,
				3A245D401FEEAF1A00B6DB4E /* ofxDatGui.h */,
				3A245D411FEEAF1A00B6DB4E /* themes */,
			);
			name = src;
			path = ../../../addons/ofxDatGui/src;
			sourceTree = "<group>";
		};
		3A245D261FEEAF1A00B6DB4E /* components */ = {
			isa = PBXGroup;
			children = (
				3A245D271FEEAF1A00B6DB4E /* ofxDatGui2dPad.h */,
				3A245D281FEEAF1A00B6DB4E /* ofxDatGuiButton.h */,
				3A245D291FEEAF1A00B6DB4E /* ofxDatGuiButtonImage.h */,
				3A245D2A1FEEAF1A00B6DB4E /* ofxDatGuiColorPicker.h */,
				3A245D2B1FEEAF1A00B6DB4E /* ofxDatGuiControls.h */,
				3A245D2C1FEEAF1A00B6DB4E /* ofxDatGuiFRM.h */,
				3A245D2D1FEEAF1A00B6DB4E /* ofxDatGuiGroups.h */,
				3A245D2E1FEEAF1A00B6DB4E /* ofxDatGuiLabel.h */,
				3A245D2F1FEEAF1A00B6DB4E /* ofxDatGuiMatrix.h */,
				3A245D301FEEAF1A00B6DB4E /* ofxDatGuiScrollView.h */,
				3A245D311FEEAF1A00B6DB4E /* ofxDatGuiSlider.h */,
				3A245D321FEEAF1A00B6DB4E /* ofxDatGuiTextInput.h */,
				3A245D331FEEAF1A00B6DB4E /* ofxDatGuiTextInputField.h */,
				3A245D341FEEAF1A00B6DB4E /* ofxDatGuiTimeGraph.h */,
				3A4EA48E207A441500CEF698 /* ofxDatGuiRadio.h */,
			);
			path = components;
			sourceTree = "<group>";
		};
		3A245D351FEEAF1A00B6DB4E /* core */ = {
			isa = PBXGroup;
			children = (
				3A245D361FEEAF1A00B6DB4E /* ofxDatGuiComponent.cpp */,
				3A245D371FEEAF1A00B6DB4E /* ofxDatGuiComponent.h */,
				3A245D381FEEAF1A00B6DB4E /* ofxDatGuiConstants.h */,
				3A245D391FEEAF1A00B6DB4E /* ofxDatGuiEvents.h */,
				3A245D3A1FEEAF1A00B6DB4E /* ofxDatGuiIntObject.h */,
			);
			path = core;
			sourceTree = "<group>";
		};
		3A245D3B1FEEAF1A00B6DB4E /* libs */ = {
			isa = PBXGroup;
			children = (
				3A245D3C1FEEAF1A00B6DB4E /* ofxSmartFont */,
			);
			path = libs;
			sourceTree = "<group>";
		};
		3A245D3C1FEEAF1A00B6DB4E /* ofxSmartFont */ = {
			isa = PBXGroup;
			children = (
				3A245D3D1FEEAF1A00B6DB4E /* ofxSmartFont.cpp */,
				3A245D3E1FEEAF1A00B6DB4E /* ofxSmartFont.h */,
			);
			path = ofxSmartFont;
			sourceTree = "<group>";
		};
		3A245D411FEEAF1A00B6DB4E /* themes */ = {
			isa = PBXGroup;
			children = (
				3A245D421FEEAF1A00B6DB4E /* ofxDatGuiTheme.h */,
				3A245D431FEEAF1A00B6DB4E /* ofxDatGuiThemes.h */,
			);
			path = themes;
			sourceTree = "<group>";
		};
		3A245D471FEEAF2000B6DB4E /* ofxLedMapper */ = {
			isa = PBXGroup;
			children = (
				3A245D481FEEAF2000B6DB4E /* src */,
			);
			name = ofxLedMapper;
			sourceTree = "<group>";
		};
		3A245D481FEEAF2000B6DB4E /* src */ = {
			isa = PBXGroup;
			children = (
				3A245D491FEEAF2000B6DB4E /* Common.h */,
				3A245D4A1FEEAF2000B6DB4E /* json.hpp */,
				3A245D4B1FEEAF2000B6DB4E /* ofJson.h */,
				3A245D4C1FEEAF2000B6DB4E /* ofxLedController.cpp */,
				3A245D4D1FEEAF2000B6DB4E /* ofxLedController.h */,
				3A245D4E1FEEAF2000B6DB4E /* ofxLedGrabObject.h */,
				3A245D4F1FEEAF2000B6DB4E /* ofxLedMapper.cpp */,
				3A245D501FEEAF2000B6DB4E /* ofxLedMapper.h */,
			);
			name = src;
			path = ../../../addons/ofxLedMapper/src;
			sourceTree = "<group>";
		};
		3A245D531FEEAF2300B6DB4E /* ofxNetwork */ = {
			isa = PBXGroup;
			children = (
				3A245D541FEEAF2300B6DB4E /* src */,
			);
			name = ofxNetwork;
			sourceTree = "<group>";
		};
		3A245D541FEEAF2300B6DB4E /* src */ = {
			isa = PBXGroup;
			children = (
				3A245D551FEEAF2300B6DB4E /* ofxNetwork.h */,
				3A245D561FEEAF2300B6DB4E /* ofxNetworkUtils.h */,
				3A245D571FEEAF2300B6DB4E /* ofxTCPClient.cpp */,
				3A245D581FEEAF2300B6DB4E /* ofxTCPClient.h */,
				3A245D591FEEAF2300B6DB4E /* ofxTCPManager.cpp */,
				3A245D5A1FEEAF2300B6DB4E /* ofxTCPManager.h */,
				3A245D5B1FEEAF2300B6DB4E /* ofxTCPServer.cpp */,
				3A245D5C1FEEAF2300B6DB4E /* ofxTCPServer.h */,
				3A245D5D1FEEAF2300B6DB4E /* ofxUDPManager.cpp */,
				3A245D5E1FEEAF2300B6DB4E /* ofxUDPManager.h */,
			);
			name = src;
			path = ../../../addons/ofxNetwork/src;
			sourceTree = "<group>";
		};
		3A245D631FEEAF2700B6DB4E /* ofxXmlSettings */ = {
			isa = PBXGroup;
			children = (
				3A245D641FEEAF2700B6DB4E /* src */,
				3A245D671FEEAF2700B6DB4E /* libs */,
			);
			name = ofxXmlSettings;
			sourceTree = "<group>";
		};
		3A245D641FEEAF2700B6DB4E /* src */ = {
			isa = PBXGroup;
			children = (
				3A245D651FEEAF2700B6DB4E /* ofxXmlSettings.cpp */,
				3A245D661FEEAF2700B6DB4E /* ofxXmlSettings.h */,
			);
			name = src;
			path = ../../../addons/ofxXmlSettings/src;
			sourceTree = "<group>";
		};
		3A245D671FEEAF2700B6DB4E /* libs */ = {
			isa = PBXGroup;
			children = (
				3A245D681FEEAF2700B6DB4E /* tinyxml.cpp */,
				3A245D691FEEAF2700B6DB4E /* tinyxml.h */,
				3A245D6A1FEEAF2700B6DB4E /* tinyxmlerror.cpp */,
				3A245D6B1FEEAF2700B6DB4E /* tinyxmlparser.cpp */,
			);
			name = libs;
			path = ../../../addons/ofxXmlSettings/libs;
			sourceTree = "<group>";
		};
		6948EE371B920CB800B5AC1A /* local_addons */ = {
			isa = PBXGroup;
			children = (
			);
			name = local_addons;
			sourceTree = "<group>";
		};
		BB4B014C10F69532006C3DED /* addons */ = {
			isa = PBXGroup;
			children = (
				3A245D471FEEAF2000B6DB4E /* ofxLedMapper */,
				3A245D241FEEAF1A00B6DB4E /* ofxDatGui */,
				3A245D531FEEAF2300B6DB4E /* ofxNetwork */,
				3A245D631FEEAF2700B6DB4E /* ofxXmlSettings */,
				3A18C9B820E5944C00EA600B /* ofxSyphon */,
			);
			name = addons;
			sourceTree = "<group>";
		};
		E4328144138ABC890047C5CB /* Products */ = {
			isa = PBXGroup;
			children = (
				E4328148138ABC890047C5CB /* openFrameworksDebug.a */,
			);
			name = Products;
			sourceTree = "<group>";
		};
		E4B69B4A0A3A1720003C02F2 = {
			isa = PBXGroup;
			children = (
				E4B6FCAD0C3E899E008CF71C /* openFrameworks-Info.plist */,
				E4EB6923138AFD0F00A09F29 /* Project.xcconfig */,
				3A18C9D120E594BC00EA600B /* Syphon.framework */,
				E4B69E1C0A3A1BDC003C02F2 /* src */,
				E4EEC9E9138DF44700A80321 /* openFrameworks */,
				BB4B014C10F69532006C3DED /* addons */,
				6948EE371B920CB800B5AC1A /* local_addons */,
				E4B69B5B0A3A1756003C02F2 /* LedMapperDebug.app */,
			);
			sourceTree = "<group>";
		};
		E4B69E1C0A3A1BDC003C02F2 /* src */ = {
			isa = PBXGroup;
			children = (
				E4B69E1D0A3A1BDC003C02F2 /* main.cpp */,
				E4B69E1E0A3A1BDC003C02F2 /* ofApp.cpp */,
				E4B69E1F0A3A1BDC003C02F2 /* ofApp.h */,
				3A3F228B20FBCC8F00164B5D /* Player.cpp */,
				3A3F228C20FBCC8F00164B5D /* Player.h */,
			);
			path = src;
			sourceTree = SOURCE_ROOT;
		};
		E4EEC9E9138DF44700A80321 /* openFrameworks */ = {
			isa = PBXGroup;
			children = (
				E4EB691F138AFCF100A09F29 /* CoreOF.xcconfig */,
				E4328143138ABC890047C5CB /* openFrameworksLib.xcodeproj */,
			);
			name = openFrameworks;
			sourceTree = "<group>";
		};
/* End PBXGroup section */

/* Begin PBXNativeTarget section */
		E4B69B5A0A3A1756003C02F2 /* LedMapper */ = {
			isa = PBXNativeTarget;
			buildConfigurationList = E4B69B5F0A3A1757003C02F2 /* Build configuration list for PBXNativeTarget "LedMapper" */;
			buildPhases = (
				E4B69B580A3A1756003C02F2 /* Sources */,
				E4B69B590A3A1756003C02F2 /* Frameworks */,
				E4B6FFFD0C3F9AB9008CF71C /* ShellScript */,
				E4C2427710CC5ABF004149E2 /* CopyFiles */,
			);
			buildRules = (
			);
			dependencies = (
				E4EEB9AC138B136A00A80321 /* PBXTargetDependency */,
			);
			name = LedMapper;
			productName = myOFApp;
			productReference = E4B69B5B0A3A1756003C02F2 /* LedMapperDebug.app */;
			productType = "com.apple.product-type.application";
		};
/* End PBXNativeTarget section */

/* Begin PBXProject section */
		E4B69B4C0A3A1720003C02F2 /* Project object */ = {
			isa = PBXProject;
			attributes = {
				LastUpgradeCheck = 0600;
			};
			buildConfigurationList = E4B69B4D0A3A1720003C02F2 /* Build configuration list for PBXProject "ledMapper" */;
			compatibilityVersion = "Xcode 3.2";
			developmentRegion = English;
			hasScannedForEncodings = 0;
			knownRegions = (
				English,
				Japanese,
				French,
				German,
			);
			mainGroup = E4B69B4A0A3A1720003C02F2;
			productRefGroup = E4B69B4A0A3A1720003C02F2;
			projectDirPath = "";
			projectReferences = (
				{
					ProductGroup = E4328144138ABC890047C5CB /* Products */;
					ProjectRef = E4328143138ABC890047C5CB /* openFrameworksLib.xcodeproj */;
				},
			);
			projectRoot = "";
			targets = (
				E4B69B5A0A3A1756003C02F2 /* LedMapper */,
			);
		};
/* End PBXProject section */

/* Begin PBXReferenceProxy section */
		E4328148138ABC890047C5CB /* openFrameworksDebug.a */ = {
			isa = PBXReferenceProxy;
			fileType = archive.ar;
			path = openFrameworksDebug.a;
			remoteRef = E4328147138ABC890047C5CB /* PBXContainerItemProxy */;
			sourceTree = BUILT_PRODUCTS_DIR;
		};
/* End PBXReferenceProxy section */

/* Begin PBXShellScriptBuildPhase section */
		E4B6FFFD0C3F9AB9008CF71C /* ShellScript */ = {
			isa = PBXShellScriptBuildPhase;
			buildActionMask = 2147483647;
			files = (
			);
			inputPaths = (
			);
			outputPaths = (
			);
			runOnlyForDeploymentPostprocessing = 0;
			shellPath = /bin/sh;
			shellScript = "mkdir -p \"$TARGET_BUILD_DIR/$PRODUCT_NAME.app/Contents/Resources/\"\n# Copy default icon file into App/Resources\nrsync -aved \"$ICON_FILE\" \"$TARGET_BUILD_DIR/$PRODUCT_NAME.app/Contents/Resources/\"\n# Copy libfmod and change install directory for fmod to run\nrsync -aved ../../../libs/fmodex/lib/osx/libfmodex.dylib \"$TARGET_BUILD_DIR/$PRODUCT_NAME.app/Contents/Frameworks/\";\ninstall_name_tool -change @executable_path/libfmodex.dylib @executable_path/../Frameworks/libfmodex.dylib \"$TARGET_BUILD_DIR/$PRODUCT_NAME.app/Contents/MacOS/$PRODUCT_NAME\";\n# Copy GLUT framework (must remove for AppStore submissions)\nrsync -aved ../../../libs/glut/lib/osx/GLUT.framework \"$TARGET_BUILD_DIR/$PRODUCT_NAME.app/Contents/Frameworks/\"\n";
		};
/* End PBXShellScriptBuildPhase section */

/* Begin PBXSourcesBuildPhase section */
		E4B69B580A3A1756003C02F2 /* Sources */ = {
			isa = PBXSourcesBuildPhase;
			buildActionMask = 2147483647;
			files = (
				3A245D461FEEAF1A00B6DB4E /* ofxDatGui.cpp in Sources */,
				3A245D601FEEAF2300B6DB4E /* ofxTCPManager.cpp in Sources */,
				3A245D451FEEAF1A00B6DB4E /* ofxSmartFont.cpp in Sources */,
				E4B69E200A3A1BDC003C02F2 /* main.cpp in Sources */,
				3A3F228D20FBCC8F00164B5D /* Player.cpp in Sources */,
				3A245D611FEEAF2300B6DB4E /* ofxTCPServer.cpp in Sources */,
				E4B69E210A3A1BDC003C02F2 /* ofApp.cpp in Sources */,
				3A245D6D1FEEAF2700B6DB4E /* tinyxml.cpp in Sources */,
				3A18C9CB20E5944C00EA600B /* ofxSyphonClient.mm in Sources */,
				3A245D6C1FEEAF2700B6DB4E /* ofxXmlSettings.cpp in Sources */,
				3A18C9CC20E5944C00EA600B /* ofxSyphonServer.mm in Sources */,
				3A245D5F1FEEAF2300B6DB4E /* ofxTCPClient.cpp in Sources */,
				3A245D441FEEAF1A00B6DB4E /* ofxDatGuiComponent.cpp in Sources */,
				3A245D621FEEAF2300B6DB4E /* ofxUDPManager.cpp in Sources */,
				3A18C9D020E5944C00EA600B /* SyphonNameboundClient.m in Sources */,
				3A18C9CD20E5944C00EA600B /* ofxSyphonServerDirectory.mm in Sources */,
				3A245D511FEEAF2000B6DB4E /* ofxLedController.cpp in Sources */,
				3A245D6E1FEEAF2700B6DB4E /* tinyxmlerror.cpp in Sources */,
				3A245D6F1FEEAF2700B6DB4E /* tinyxmlparser.cpp in Sources */,
				3A245D521FEEAF2000B6DB4E /* ofxLedMapper.cpp in Sources */,
			);
			runOnlyForDeploymentPostprocessing = 0;
		};
/* End PBXSourcesBuildPhase section */

/* Begin PBXTargetDependency section */
		E4EEB9AC138B136A00A80321 /* PBXTargetDependency */ = {
			isa = PBXTargetDependency;
			name = openFrameworks;
			targetProxy = E4EEB9AB138B136A00A80321 /* PBXContainerItemProxy */;
		};
/* End PBXTargetDependency section */

/* Begin XCBuildConfiguration section */
		E4B69B4E0A3A1720003C02F2 /* Debug */ = {
			isa = XCBuildConfiguration;
			baseConfigurationReference = E4EB6923138AFD0F00A09F29 /* Project.xcconfig */;
			buildSettings = {
				CONFIGURATION_BUILD_DIR = "$(SRCROOT)/bin/";
				COPY_PHASE_STRIP = NO;
				DEAD_CODE_STRIPPING = YES;
				GCC_AUTO_VECTORIZATION = YES;
				GCC_ENABLE_SSE3_EXTENSIONS = YES;
				GCC_ENABLE_SUPPLEMENTAL_SSE3_INSTRUCTIONS = YES;
				GCC_INLINES_ARE_PRIVATE_EXTERN = NO;
				GCC_OPTIMIZATION_LEVEL = 0;
				GCC_SYMBOLS_PRIVATE_EXTERN = NO;
				GCC_WARN_ABOUT_DEPRECATED_FUNCTIONS = YES;
				GCC_WARN_ABOUT_INVALID_OFFSETOF_MACRO = NO;
				GCC_WARN_ALLOW_INCOMPLETE_PROTOCOL = NO;
				GCC_WARN_UNINITIALIZED_AUTOS = NO;
				GCC_WARN_UNUSED_VALUE = NO;
				GCC_WARN_UNUSED_VARIABLE = NO;
				MACOSX_DEPLOYMENT_TARGET = 10.8;
				ONLY_ACTIVE_ARCH = YES;
				OTHER_CPLUSPLUSFLAGS = (
					"-D__MACOSX_CORE__",
					"-mtune=native",
				);
				SDKROOT = macosx;
			};
			name = Debug;
		};
		E4B69B4F0A3A1720003C02F2 /* Release */ = {
			isa = XCBuildConfiguration;
			baseConfigurationReference = E4EB6923138AFD0F00A09F29 /* Project.xcconfig */;
			buildSettings = {
				CONFIGURATION_BUILD_DIR = "$(SRCROOT)/bin/";
				COPY_PHASE_STRIP = YES;
				DEAD_CODE_STRIPPING = YES;
				GCC_AUTO_VECTORIZATION = YES;
				GCC_ENABLE_SSE3_EXTENSIONS = YES;
				GCC_ENABLE_SUPPLEMENTAL_SSE3_INSTRUCTIONS = YES;
				GCC_INLINES_ARE_PRIVATE_EXTERN = NO;
				GCC_OPTIMIZATION_LEVEL = 3;
				GCC_SYMBOLS_PRIVATE_EXTERN = NO;
				GCC_UNROLL_LOOPS = YES;
				GCC_WARN_ABOUT_DEPRECATED_FUNCTIONS = YES;
				GCC_WARN_ABOUT_INVALID_OFFSETOF_MACRO = NO;
				GCC_WARN_ALLOW_INCOMPLETE_PROTOCOL = NO;
				GCC_WARN_UNINITIALIZED_AUTOS = NO;
				GCC_WARN_UNUSED_VALUE = NO;
				GCC_WARN_UNUSED_VARIABLE = NO;
				MACOSX_DEPLOYMENT_TARGET = 10.8;
				OTHER_CPLUSPLUSFLAGS = (
					"-D__MACOSX_CORE__",
					"-mtune=native",
				);
				SDKROOT = macosx;
			};
			name = Release;
		};
		E4B69B600A3A1757003C02F2 /* Debug */ = {
			isa = XCBuildConfiguration;
			baseConfigurationReference = E4EB6923138AFD0F00A09F29 /* Project.xcconfig */;
			buildSettings = {
				CLANG_CXX_LANGUAGE_STANDARD = "c++14";
				"CLANG_CXX_LANGUAGE_STANDARD[arch=x86_64]" = "c++14";
				COMBINE_HIDPI_IMAGES = YES;
				COPY_PHASE_STRIP = NO;
				FRAMEWORK_SEARCH_PATHS = (
					"$(inherited)",
					"$(FRAMEWORK_SEARCH_PATHS_QUOTED_FOR_TARGET_1)",
					/Users/techtim/Programming/OF/openFrameworks/addons/ofxSyphon/libs/Syphon/lib/osx,
					"$(PROJECT_DIR)",
				);
				FRAMEWORK_SEARCH_PATHS_QUOTED_FOR_TARGET_1 = "\"$(SRCROOT)/../../../libs/glut/lib/osx\"";
				GCC_DYNAMIC_NO_PIC = NO;
				GCC_GENERATE_DEBUGGING_SYMBOLS = YES;
				GCC_MODEL_TUNING = NONE;
				ICON = "$(ICON_NAME_DEBUG)";
				ICON_FILE = "$(ICON_FILE_PATH)$(ICON)";
				INFOPLIST_FILE = "openFrameworks-Info.plist";
				INSTALL_PATH = /Applications;
				LIBRARY_SEARCH_PATHS = "$(inherited)";
				PRODUCT_NAME = LedMapperDebug;
				USER_HEADER_SEARCH_PATHS = "";
				WRAPPER_EXTENSION = app;
			};
			name = Debug;
		};
		E4B69B610A3A1757003C02F2 /* Release */ = {
			isa = XCBuildConfiguration;
			baseConfigurationReference = E4EB6923138AFD0F00A09F29 /* Project.xcconfig */;
			buildSettings = {
				CLANG_CXX_LANGUAGE_STANDARD = "c++14";
				"CLANG_CXX_LANGUAGE_STANDARD[arch=x86_64]" = "c++14";
				COMBINE_HIDPI_IMAGES = YES;
				COPY_PHASE_STRIP = YES;
				FRAMEWORK_SEARCH_PATHS = (
					"$(inherited)",
					"$(FRAMEWORK_SEARCH_PATHS_QUOTED_FOR_TARGET_1)",
					/Users/techtim/Programming/OF/openFrameworks/addons/ofxSyphon/libs/Syphon/lib/osx,
					"$(PROJECT_DIR)",
				);
				FRAMEWORK_SEARCH_PATHS_QUOTED_FOR_TARGET_1 = "\"$(SRCROOT)/../../../libs/glut/lib/osx\"";
				GCC_GENERATE_DEBUGGING_SYMBOLS = YES;
				GCC_MODEL_TUNING = NONE;
				ICON = "$(ICON_NAME_RELEASE)";
				ICON_FILE = "$(ICON_FILE_PATH)$(ICON)";
				INFOPLIST_FILE = "openFrameworks-Info.plist";
				INSTALL_PATH = /Applications;
				LIBRARY_SEARCH_PATHS = "$(inherited)";
				PRODUCT_NAME = LedMapper;
				USER_HEADER_SEARCH_PATHS = "";
				WRAPPER_EXTENSION = app;
				baseConfigurationReference = E4EB6923138AFD0F00A09F29;
			};
			name = Release;
		};
/* End XCBuildConfiguration section */

/* Begin XCConfigurationList section */
		E4B69B4D0A3A1720003C02F2 /* Build configuration list for PBXProject "ledMapper" */ = {
			isa = XCConfigurationList;
			buildConfigurations = (
				E4B69B4E0A3A1720003C02F2 /* Debug */,
				E4B69B4F0A3A1720003C02F2 /* Release */,
			);
			defaultConfigurationIsVisible = 0;
			defaultConfigurationName = Release;
		};
		E4B69B5F0A3A1757003C02F2 /* Build configuration list for PBXNativeTarget "LedMapper" */ = {
			isa = XCConfigurationList;
			buildConfigurations = (
				E4B69B600A3A1757003C02F2 /* Debug */,
				E4B69B610A3A1757003C02F2 /* Release */,
			);
			defaultConfigurationIsVisible = 0;
			defaultConfigurationName = Release;
		};
/* End XCConfigurationList section */
	};
	rootObject = E4B69B4C0A3A1720003C02F2 /* Project object */;
}
